
Microsoft Visual Studio Solution File, Format Version 12.00
# Visual Studio 15
VisualStudioVersion = 15.0.28307.1622
MinimumVisualStudioVersion = 10.0.40219.1
Project("{FAE04EC0-301F-11D3-BF4B-00C04F79EFBC}") = "AutomationForLetCodePom", "AutomationForLetCodePom\AutomationForLetCodePom.csproj", "{4228C31A-EBFD-49E7-B5BF-D95755462D5F}"
EndProject
Project("{FAE04EC0-301F-11D3-BF4B-00C04F79EFBC}") = "SmokeTests", "SmokeTests\SmokeTests.csproj", "{004C82E7-B939-4551-8727-958B79A64DA1}"
EndProject
Global
	GlobalSection(SolutionConfigurationPlatforms) = preSolution
		Debug|Any CPU = Debug|Any CPU
		Release|Any CPU = Release|Any CPU
	EndGlobalSection
	GlobalSection(ProjectConfigurationPlatforms) = postSolution
		{4228C31A-EBFD-49E7-B5BF-D95755462D5F}.Debug|Any CPU.ActiveCfg = Debug|Any CPU
		{4228C31A-EBFD-49E7-B5BF-D95755462D5F}.Debug|Any CPU.Build.0 = Debug|Any CPU
		{4228C31A-EBFD-49E7-B5BF-D95755462D5F}.Release|Any CPU.ActiveCfg = Release|Any CPU
		{4228C31A-EBFD-49E7-B5BF-D95755462D5F}.Release|Any CPU.Build.0 = Release|Any CPU
		{004C82E7-B939-4551-8727-958B79A64DA1}.Debug|Any CPU.ActiveCfg = Debug|Any CPU
		{004C82E7-B939-4551-8727-958B79A64DA1}.Debug|Any CPU.Build.0 = Debug|Any CPU
		{004C82E7-B939-4551-8727-958B79A64DA1}.Release|Any CPU.ActiveCfg = Release|Any CPU
		{004C82E7-B939-4551-8727-958B79A64DA1}.Release|Any CPU.Build.0 = Release|Any CPU
	EndGlobalSection
	GlobalSection(SolutionProperties) = preSolution
		HideSolutionNode = FALSE
	EndGlobalSection
	GlobalSection(ExtensibilityGlobals) = postSolution
		SolutionGuid = {9CB3A8AE-D19C-48A9-9575-993E4D8ED5CD}
	EndGlobalSection
EndGlobal
